
Microsoft Visual Studio Solution File, Format Version 12.00
# Visual Studio Version 17
VisualStudioVersion = 17.13.35617.110
MinimumVisualStudioVersion = 10.0.40219.1
Project("{2150E333-8FDC-42A3-9474-1A3956D46DE8}") = "Framework", "Framework", "{FEA88AB3-FED7-4CEC-A5B9-AE7D80D17B84}"
EndProject
Project("{2150E333-8FDC-42A3-9474-1A3956D46DE8}") = "Application", "Application", "{385E39B0-1A7E-4287-B524-5DCBEB551B5B}"
EndProject
Project("{2150E333-8FDC-42A3-9474-1A3956D46DE8}") = "UnitTest", "UnitTest", "{1A097F46-6FE4-4CDB-A209-9CA352C36119}"
EndProject
Project("{FAE04EC0-301F-11D3-BF4B-00C04F79EFBC}") = "RapidDeskToolkit", "Framework\RapidDeskToolkit\RapidDeskToolkit.csproj", "{BE2A482F-F10E-4EF6-8D27-464F177966B9}"
EndProject
Project("{FAE04EC0-301F-11D3-BF4B-00C04F79EFBC}") = "RapidDeskToolkit.UIPackage", "Framework\RapidDeskToolkit.UIPackage\RapidDeskToolkit.UIPackage.csproj", "{D8B8F5A6-ABD6-46E1-84D5-36061CE983DF}"
EndProject
Project("{FAE04EC0-301F-11D3-BF4B-00C04F79EFBC}") = "TestAvaloniaBase", "Application\TestAvaloniaBase\TestAvaloniaBase.csproj", "{08362E07-55AA-4561-83C6-64FC56C47F42}"
EndProject
Project("{FAE04EC0-301F-11D3-BF4B-00C04F79EFBC}") = "RapidDeskToolkit.UIDemo", "Framework\RapidDeskToolkit.UIDemo\RapidDeskToolkit.UIDemo.csproj", "{68F7BC98-37E2-4CD4-ABDD-E509808EE125}"
EndProject
Project("{2150E333-8FDC-42A3-9474-1A3956D46DE8}") = "Documents", "Documents", "{99546BD0-5F71-4B13-9F21-C7BB6F4B6A74}"
	ProjectSection(SolutionItems) = preProject
		README.md = README.md
	EndProjectSection
EndProject
Project("{FAE04EC0-301F-11D3-BF4B-00C04F79EFBC}") = "RapidDeskToolkit.SourceGenerator", "Framework\RapidDeskToolkit.SourceGenerator\RapidDeskToolkit.SourceGenerator\RapidDeskToolkit.SourceGenerator.csproj", "{E14AC1DD-96C6-4782-BCE5-A670013EA17B}"
EndProject
Project("{FAE04EC0-301F-11D3-BF4B-00C04F79EFBC}") = "RapidDeskToolkit.Common", "Framework\RapidDeskToolkit.Common\RapidDeskToolkit.Common.csproj", "{C6A868C5-10DB-434D-8B66-99B96E228A9F}"
EndProject
Project("{FAE04EC0-301F-11D3-BF4B-00C04F79EFBC}") = "RapidDeskToolkit.Desktop", "Framework\RapidDeskToolkit.Desktop\RapidDeskToolkit.Desktop.csproj", "{6822611B-3EE2-455B-882F-2F458E3BB9C5}"
EndProject
Global
	GlobalSection(SolutionConfigurationPlatforms) = preSolution
		Debug|Any CPU = Debug|Any CPU
		Debug|x64 = Debug|x64
		Debug|x86 = Debug|x86
		Release|Any CPU = Release|Any CPU
		Release|x64 = Release|x64
		Release|x86 = Release|x86
	EndGlobalSection
	GlobalSection(ProjectConfigurationPlatforms) = postSolution
		{BE2A482F-F10E-4EF6-8D27-464F177966B9}.Debug|Any CPU.ActiveCfg = Debug|Any CPU
		{BE2A482F-F10E-4EF6-8D27-464F177966B9}.Debug|Any CPU.Build.0 = Debug|Any CPU
		{BE2A482F-F10E-4EF6-8D27-464F177966B9}.Debug|x64.ActiveCfg = Debug|Any CPU
		{BE2A482F-F10E-4EF6-8D27-464F177966B9}.Debug|x64.Build.0 = Debug|Any CPU
		{BE2A482F-F10E-4EF6-8D27-464F177966B9}.Debug|x86.ActiveCfg = Debug|Any CPU
		{BE2A482F-F10E-4EF6-8D27-464F177966B9}.Debug|x86.Build.0 = Debug|Any CPU
		{BE2A482F-F10E-4EF6-8D27-464F177966B9}.Release|Any CPU.ActiveCfg = Release|Any CPU
		{BE2A482F-F10E-4EF6-8D27-464F177966B9}.Release|Any CPU.Build.0 = Release|Any CPU
		{BE2A482F-F10E-4EF6-8D27-464F177966B9}.Release|x64.ActiveCfg = Release|Any CPU
		{BE2A482F-F10E-4EF6-8D27-464F177966B9}.Release|x64.Build.0 = Release|Any CPU
		{BE2A482F-F10E-4EF6-8D27-464F177966B9}.Release|x86.ActiveCfg = Release|Any CPU
		{BE2A482F-F10E-4EF6-8D27-464F177966B9}.Release|x86.Build.0 = Release|Any CPU
		{D8B8F5A6-ABD6-46E1-84D5-36061CE983DF}.Debug|Any CPU.ActiveCfg = Debug|Any CPU
		{D8B8F5A6-ABD6-46E1-84D5-36061CE983DF}.Debug|Any CPU.Build.0 = Debug|Any CPU
		{D8B8F5A6-ABD6-46E1-84D5-36061CE983DF}.Debug|x64.ActiveCfg = Debug|Any CPU
		{D8B8F5A6-ABD6-46E1-84D5-36061CE983DF}.Debug|x64.Build.0 = Debug|Any CPU
		{D8B8F5A6-ABD6-46E1-84D5-36061CE983DF}.Debug|x86.ActiveCfg = Debug|Any CPU
		{D8B8F5A6-ABD6-46E1-84D5-36061CE983DF}.Debug|x86.Build.0 = Debug|Any CPU
		{D8B8F5A6-ABD6-46E1-84D5-36061CE983DF}.Release|Any CPU.ActiveCfg = Release|Any CPU
		{D8B8F5A6-ABD6-46E1-84D5-36061CE983DF}.Release|Any CPU.Build.0 = Release|Any CPU
		{D8B8F5A6-ABD6-46E1-84D5-36061CE983DF}.Release|x64.ActiveCfg = Release|Any CPU
		{D8B8F5A6-ABD6-46E1-84D5-36061CE983DF}.Release|x64.Build.0 = Release|Any CPU
		{D8B8F5A6-ABD6-46E1-84D5-36061CE983DF}.Release|x86.ActiveCfg = Release|Any CPU
		{D8B8F5A6-ABD6-46E1-84D5-36061CE983DF}.Release|x86.Build.0 = Release|Any CPU
		{08362E07-55AA-4561-83C6-64FC56C47F42}.Debug|Any CPU.ActiveCfg = Debug|Any CPU
		{08362E07-55AA-4561-83C6-64FC56C47F42}.Debug|Any CPU.Build.0 = Debug|Any CPU
		{08362E07-55AA-4561-83C6-64FC56C47F42}.Debug|x64.ActiveCfg = Debug|Any CPU
		{08362E07-55AA-4561-83C6-64FC56C47F42}.Debug|x64.Build.0 = Debug|Any CPU
		{08362E07-55AA-4561-83C6-64FC56C47F42}.Debug|x86.ActiveCfg = Debug|Any CPU
		{08362E07-55AA-4561-83C6-64FC56C47F42}.Debug|x86.Build.0 = Debug|Any CPU
		{08362E07-55AA-4561-83C6-64FC56C47F42}.Release|Any CPU.ActiveCfg = Release|Any CPU
		{08362E07-55AA-4561-83C6-64FC56C47F42}.Release|Any CPU.Build.0 = Release|Any CPU
		{08362E07-55AA-4561-83C6-64FC56C47F42}.Release|x64.ActiveCfg = Release|Any CPU
		{08362E07-55AA-4561-83C6-64FC56C47F42}.Release|x64.Build.0 = Release|Any CPU
		{08362E07-55AA-4561-83C6-64FC56C47F42}.Release|x86.ActiveCfg = Release|Any CPU
		{08362E07-55AA-4561-83C6-64FC56C47F42}.Release|x86.Build.0 = Release|Any CPU
		{68F7BC98-37E2-4CD4-ABDD-E509808EE125}.Debug|Any CPU.ActiveCfg = Debug|Any CPU
		{68F7BC98-37E2-4CD4-ABDD-E509808EE125}.Debug|Any CPU.Build.0 = Debug|Any CPU
		{68F7BC98-37E2-4CD4-ABDD-E509808EE125}.Debug|x64.ActiveCfg = Debug|Any CPU
		{68F7BC98-37E2-4CD4-ABDD-E509808EE125}.Debug|x64.Build.0 = Debug|Any CPU
		{68F7BC98-37E2-4CD4-ABDD-E509808EE125}.Debug|x86.ActiveCfg = Debug|Any CPU
		{68F7BC98-37E2-4CD4-ABDD-E509808EE125}.Debug|x86.Build.0 = Debug|Any CPU
		{68F7BC98-37E2-4CD4-ABDD-E509808EE125}.Release|Any CPU.ActiveCfg = Release|Any CPU
		{68F7BC98-37E2-4CD4-ABDD-E509808EE125}.Release|Any CPU.Build.0 = Release|Any CPU
		{68F7BC98-37E2-4CD4-ABDD-E509808EE125}.Release|x64.ActiveCfg = Release|Any CPU
		{68F7BC98-37E2-4CD4-ABDD-E509808EE125}.Release|x64.Build.0 = Release|Any CPU
		{68F7BC98-37E2-4CD4-ABDD-E509808EE125}.Release|x86.ActiveCfg = Release|Any CPU
		{68F7BC98-37E2-4CD4-ABDD-E509808EE125}.Release|x86.Build.0 = Release|Any CPU
		{E14AC1DD-96C6-4782-BCE5-A670013EA17B}.Debug|Any CPU.ActiveCfg = Debug|Any CPU
		{E14AC1DD-96C6-4782-BCE5-A670013EA17B}.Debug|Any CPU.Build.0 = Debug|Any CPU
		{E14AC1DD-96C6-4782-BCE5-A670013EA17B}.Debug|x64.ActiveCfg = Debug|Any CPU
		{E14AC1DD-96C6-4782-BCE5-A670013EA17B}.Debug|x64.Build.0 = Debug|Any CPU
		{E14AC1DD-96C6-4782-BCE5-A670013EA17B}.Debug|x86.ActiveCfg = Debug|Any CPU
		{E14AC1DD-96C6-4782-BCE5-A670013EA17B}.Debug|x86.Build.0 = Debug|Any CPU
		{E14AC1DD-96C6-4782-BCE5-A670013EA17B}.Release|Any CPU.ActiveCfg = Release|Any CPU
		{E14AC1DD-96C6-4782-BCE5-A670013EA17B}.Release|Any CPU.Build.0 = Release|Any CPU
		{E14AC1DD-96C6-4782-BCE5-A670013EA17B}.Release|x64.ActiveCfg = Release|Any CPU
		{E14AC1DD-96C6-4782-BCE5-A670013EA17B}.Release|x64.Build.0 = Release|Any CPU
		{E14AC1DD-96C6-4782-BCE5-A670013EA17B}.Release|x86.ActiveCfg = Release|Any CPU
		{E14AC1DD-96C6-4782-BCE5-A670013EA17B}.Release|x86.Build.0 = Release|Any CPU
		{C6A868C5-10DB-434D-8B66-99B96E228A9F}.Debug|Any CPU.ActiveCfg = Debug|Any CPU
		{C6A868C5-10DB-434D-8B66-99B96E228A9F}.Debug|Any CPU.Build.0 = Debug|Any CPU
		{C6A868C5-10DB-434D-8B66-99B96E228A9F}.Debug|x64.ActiveCfg = Debug|Any CPU
		{C6A868C5-10DB-434D-8B66-99B96E228A9F}.Debug|x64.Build.0 = Debug|Any CPU
		{C6A868C5-10DB-434D-8B66-99B96E228A9F}.Debug|x86.ActiveCfg = Debug|Any CPU
		{C6A868C5-10DB-434D-8B66-99B96E228A9F}.Debug|x86.Build.0 = Debug|Any CPU
		{C6A868C5-10DB-434D-8B66-99B96E228A9F}.Release|Any CPU.ActiveCfg = Release|Any CPU
		{C6A868C5-10DB-434D-8B66-99B96E228A9F}.Release|Any CPU.Build.0 = Release|Any CPU
		{C6A868C5-10DB-434D-8B66-99B96E228A9F}.Release|x64.ActiveCfg = Release|Any CPU
		{C6A868C5-10DB-434D-8B66-99B96E228A9F}.Release|x64.Build.0 = Release|Any CPU
		{C6A868C5-10DB-434D-8B66-99B96E228A9F}.Release|x86.ActiveCfg = Release|Any CPU
		{C6A868C5-10DB-434D-8B66-99B96E228A9F}.Release|x86.Build.0 = Release|Any CPU
		{6822611B-3EE2-455B-882F-2F458E3BB9C5}.Debug|Any CPU.ActiveCfg = Debug|Any CPU
		{6822611B-3EE2-455B-882F-2F458E3BB9C5}.Debug|Any CPU.Build.0 = Debug|Any CPU
		{6822611B-3EE2-455B-882F-2F458E3BB9C5}.Debug|x64.ActiveCfg = Debug|Any CPU
		{6822611B-3EE2-455B-882F-2F458E3BB9C5}.Debug|x64.Build.0 = Debug|Any CPU
		{6822611B-3EE2-455B-882F-2F458E3BB9C5}.Debug|x86.ActiveCfg = Debug|Any CPU
		{6822611B-3EE2-455B-882F-2F458E3BB9C5}.Debug|x86.Build.0 = Debug|Any CPU
		{6822611B-3EE2-455B-882F-2F458E3BB9C5}.Release|Any CPU.ActiveCfg = Release|Any CPU
		{6822611B-3EE2-455B-882F-2F458E3BB9C5}.Release|Any CPU.Build.0 = Release|Any CPU
		{6822611B-3EE2-455B-882F-2F458E3BB9C5}.Release|x64.ActiveCfg = Release|Any CPU
		{6822611B-3EE2-455B-882F-2F458E3BB9C5}.Release|x64.Build.0 = Release|Any CPU
		{6822611B-3EE2-455B-882F-2F458E3BB9C5}.Release|x86.ActiveCfg = Release|Any CPU
		{6822611B-3EE2-455B-882F-2F458E3BB9C5}.Release|x86.Build.0 = Release|Any CPU
	EndGlobalSection
	GlobalSection(SolutionProperties) = preSolution
		HideSolutionNode = FALSE
	EndGlobalSection
	GlobalSection(NestedProjects) = preSolution
		{BE2A482F-F10E-4EF6-8D27-464F177966B9} = {FEA88AB3-FED7-4CEC-A5B9-AE7D80D17B84}
		{D8B8F5A6-ABD6-46E1-84D5-36061CE983DF} = {FEA88AB3-FED7-4CEC-A5B9-AE7D80D17B84}
		{08362E07-55AA-4561-83C6-64FC56C47F42} = {385E39B0-1A7E-4287-B524-5DCBEB551B5B}
		{68F7BC98-37E2-4CD4-ABDD-E509808EE125} = {FEA88AB3-FED7-4CEC-A5B9-AE7D80D17B84}
		{E14AC1DD-96C6-4782-BCE5-A670013EA17B} = {FEA88AB3-FED7-4CEC-A5B9-AE7D80D17B84}
		{C6A868C5-10DB-434D-8B66-99B96E228A9F} = {FEA88AB3-FED7-4CEC-A5B9-AE7D80D17B84}
		{6822611B-3EE2-455B-882F-2F458E3BB9C5} = {FEA88AB3-FED7-4CEC-A5B9-AE7D80D17B84}
	EndGlobalSection
	GlobalSection(ExtensibilityGlobals) = postSolution
		SolutionGuid = {07129F5C-D0BC-41D0-BC69-1788631A2DCF}
	EndGlobalSection
EndGlobal
